// !$*UTF8*$!
{
	archiveVersion = 1;
	classes = {
	};
	objectVersion = 55;
	objects = {

/* Begin PBXBuildFile section */
		2243C3252832585300ABB19C /* MenuView.swift in Sources */ = {isa = PBXBuildFile; fileRef = 2243C3242832585300ABB19C /* MenuView.swift */; };
		2243C3382832D5E000ABB19C /* Lato-Thin.ttf in Resources */ = {isa = PBXBuildFile; fileRef = 2243C32D2832D5E000ABB19C /* Lato-Thin.ttf */; };
		2243C3392832D5E000ABB19C /* Lato-BlackItalic.ttf in Resources */ = {isa = PBXBuildFile; fileRef = 2243C32E2832D5E000ABB19C /* Lato-BlackItalic.ttf */; };
		2243C33A2832D5E000ABB19C /* BebasNeue-Regular.ttf in Resources */ = {isa = PBXBuildFile; fileRef = 2243C32F2832D5E000ABB19C /* BebasNeue-Regular.ttf */; };
		2243C33B2832D5E000ABB19C /* Lato-ThinItalic.ttf in Resources */ = {isa = PBXBuildFile; fileRef = 2243C3302832D5E000ABB19C /* Lato-ThinItalic.ttf */; };
		2243C33C2832D5E100ABB19C /* Lato-LightItalic.ttf in Resources */ = {isa = PBXBuildFile; fileRef = 2243C3312832D5E000ABB19C /* Lato-LightItalic.ttf */; };
		2243C33D2832D5E100ABB19C /* Lato-Italic.ttf in Resources */ = {isa = PBXBuildFile; fileRef = 2243C3322832D5E000ABB19C /* Lato-Italic.ttf */; };
		2243C33E2832D5E100ABB19C /* Lato-Bold.ttf in Resources */ = {isa = PBXBuildFile; fileRef = 2243C3332832D5E000ABB19C /* Lato-Bold.ttf */; };
		2243C33F2832D5E100ABB19C /* Lato-Black.ttf in Resources */ = {isa = PBXBuildFile; fileRef = 2243C3342832D5E000ABB19C /* Lato-Black.ttf */; };
		2243C3402832D5E100ABB19C /* Lato-Regular.ttf in Resources */ = {isa = PBXBuildFile; fileRef = 2243C3352832D5E000ABB19C /* Lato-Regular.ttf */; };
		2243C3412832D5E100ABB19C /* Lato-Light.ttf in Resources */ = {isa = PBXBuildFile; fileRef = 2243C3362832D5E000ABB19C /* Lato-Light.ttf */; };
		2243C3422832D5E100ABB19C /* Lato-BoldItalic.ttf in Resources */ = {isa = PBXBuildFile; fileRef = 2243C3372832D5E000ABB19C /* Lato-BoldItalic.ttf */; };
		2243C3482832EE4E00ABB19C /* OptionsItem.swift in Sources */ = {isa = PBXBuildFile; fileRef = 2243C3472832EE4E00ABB19C /* OptionsItem.swift */; };
		2243C34A2832EFEE00ABB19C /* ProfileViewModel.swift in Sources */ = {isa = PBXBuildFile; fileRef = 2243C3492832EFEE00ABB19C /* ProfileViewModel.swift */; };
		2243C34D2832F2C300ABB19C /* ProfileModels.swift in Sources */ = {isa = PBXBuildFile; fileRef = 2243C34C2832F2C300ABB19C /* ProfileModels.swift */; };
		2243C34F2832F36900ABB19C /* CompleteProfileModel.swift in Sources */ = {isa = PBXBuildFile; fileRef = 2243C34E2832F36900ABB19C /* CompleteProfileModel.swift */; };
		2243C351283391BD00ABB19C /* ProfileViewModelTests.swift in Sources */ = {isa = PBXBuildFile; fileRef = 2243C350283391BD00ABB19C /* ProfileViewModelTests.swift */; };
		2243C3542833F72A00ABB19C /* EventsButton.swift in Sources */ = {isa = PBXBuildFile; fileRef = 2243C3532833F72A00ABB19C /* EventsButton.swift */; };
		2243C3562833F83E00ABB19C /* CompleteProfileView.swift in Sources */ = {isa = PBXBuildFile; fileRef = 2243C3552833F83E00ABB19C /* CompleteProfileView.swift */; };
		2243C3582833F8FB00ABB19C /* GetVerifiedView.swift in Sources */ = {isa = PBXBuildFile; fileRef = 2243C3572833F8FB00ABB19C /* GetVerifiedView.swift */; };
		22925145282E5354000284DB /* KKGroupDemoApp.swift in Sources */ = {isa = PBXBuildFile; fileRef = 22925144282E5354000284DB /* KKGroupDemoApp.swift */; };
		22925147282E5354000284DB /* WelcomeView.swift in Sources */ = {isa = PBXBuildFile; fileRef = 22925146282E5354000284DB /* WelcomeView.swift */; };
		22925149282E5356000284DB /* Assets.xcassets in Resources */ = {isa = PBXBuildFile; fileRef = 22925148282E5356000284DB /* Assets.xcassets */; };
		2292514C282E5356000284DB /* Preview Assets.xcassets in Resources */ = {isa = PBXBuildFile; fileRef = 2292514B282E5356000284DB /* Preview Assets.xcassets */; };
		2292522E2831BE98000284DB /* Colors.xcassets in Resources */ = {isa = PBXBuildFile; fileRef = 2292522D2831BE98000284DB /* Colors.xcassets */; };
		484FD214285869CB5A174D0D /* Pods_KKGroupDemo.framework in Frameworks */ = {isa = PBXBuildFile; fileRef = 57A22CD38F57CE0C85A9A3E5 /* Pods_KKGroupDemo.framework */; };
		F31CF856B7E38C3A14392898 /* Pods_KKGroupDemoTests.framework in Frameworks */ = {isa = PBXBuildFile; fileRef = CC30EB1905C60C00FAD79F92 /* Pods_KKGroupDemoTests.framework */; };
/* End PBXBuildFile section */

/* Begin PBXContainerItemProxy section */
		22925152282E5356000284DB /* PBXContainerItemProxy */ = {
			isa = PBXContainerItemProxy;
			containerPortal = 22925139282E5354000284DB /* Project object */;
			proxyType = 1;
			remoteGlobalIDString = 22925140282E5354000284DB;
			remoteInfo = KKGroupDemo;
		};
/* End PBXContainerItemProxy section */

/* Begin PBXFileReference section */
		2193B4D54C3E49DE704F0F97 /* Pods-KKGroupDemo-KKGroupDemoUITests.release.xcconfig */ = {isa = PBXFileReference; includeInIndex = 1; lastKnownFileType = text.xcconfig; name = "Pods-KKGroupDemo-KKGroupDemoUITests.release.xcconfig"; path = "Target Support Files/Pods-KKGroupDemo-KKGroupDemoUITests/Pods-KKGroupDemo-KKGroupDemoUITests.release.xcconfig"; sourceTree = "<group>"; };
		2243C3242832585300ABB19C /* MenuView.swift */ = {isa = PBXFileReference; lastKnownFileType = sourcecode.swift; path = MenuView.swift; sourceTree = "<group>"; };
		2243C32B2832C96E00ABB19C /* Info.plist */ = {isa = PBXFileReference; lastKnownFileType = text.plist; path = Info.plist; sourceTree = "<group>"; };
		2243C32D2832D5E000ABB19C /* Lato-Thin.ttf */ = {isa = PBXFileReference; lastKnownFileType = file; path = "Lato-Thin.ttf"; sourceTree = "<group>"; };
		2243C32E2832D5E000ABB19C /* Lato-BlackItalic.ttf */ = {isa = PBXFileReference; lastKnownFileType = file; path = "Lato-BlackItalic.ttf"; sourceTree = "<group>"; };
		2243C32F2832D5E000ABB19C /* BebasNeue-Regular.ttf */ = {isa = PBXFileReference; lastKnownFileType = file; path = "BebasNeue-Regular.ttf"; sourceTree = "<group>"; };
		2243C3302832D5E000ABB19C /* Lato-ThinItalic.ttf */ = {isa = PBXFileReference; lastKnownFileType = file; path = "Lato-ThinItalic.ttf"; sourceTree = "<group>"; };
		2243C3312832D5E000ABB19C /* Lato-LightItalic.ttf */ = {isa = PBXFileReference; lastKnownFileType = file; path = "Lato-LightItalic.ttf"; sourceTree = "<group>"; };
		2243C3322832D5E000ABB19C /* Lato-Italic.ttf */ = {isa = PBXFileReference; lastKnownFileType = file; path = "Lato-Italic.ttf"; sourceTree = "<group>"; };
		2243C3332832D5E000ABB19C /* Lato-Bold.ttf */ = {isa = PBXFileReference; lastKnownFileType = file; path = "Lato-Bold.ttf"; sourceTree = "<group>"; };
		2243C3342832D5E000ABB19C /* Lato-Black.ttf */ = {isa = PBXFileReference; lastKnownFileType = file; path = "Lato-Black.ttf"; sourceTree = "<group>"; };
		2243C3352832D5E000ABB19C /* Lato-Regular.ttf */ = {isa = PBXFileReference; lastKnownFileType = file; path = "Lato-Regular.ttf"; sourceTree = "<group>"; };
		2243C3362832D5E000ABB19C /* Lato-Light.ttf */ = {isa = PBXFileReference; lastKnownFileType = file; path = "Lato-Light.ttf"; sourceTree = "<group>"; };
		2243C3372832D5E000ABB19C /* Lato-BoldItalic.ttf */ = {isa = PBXFileReference; lastKnownFileType = file; path = "Lato-BoldItalic.ttf"; sourceTree = "<group>"; };
		2243C3472832EE4E00ABB19C /* OptionsItem.swift */ = {isa = PBXFileReference; lastKnownFileType = sourcecode.swift; path = OptionsItem.swift; sourceTree = "<group>"; };
		2243C3492832EFEE00ABB19C /* ProfileViewModel.swift */ = {isa = PBXFileReference; lastKnownFileType = sourcecode.swift; path = ProfileViewModel.swift; sourceTree = "<group>"; };
		2243C34C2832F2C300ABB19C /* ProfileModels.swift */ = {isa = PBXFileReference; lastKnownFileType = sourcecode.swift; path = ProfileModels.swift; sourceTree = "<group>"; };
		2243C34E2832F36900ABB19C /* CompleteProfileModel.swift */ = {isa = PBXFileReference; lastKnownFileType = sourcecode.swift; path = CompleteProfileModel.swift; sourceTree = "<group>"; };
		2243C350283391BD00ABB19C /* ProfileViewModelTests.swift */ = {isa = PBXFileReference; lastKnownFileType = sourcecode.swift; path = ProfileViewModelTests.swift; sourceTree = "<group>"; };
		2243C3532833F72A00ABB19C /* EventsButton.swift */ = {isa = PBXFileReference; lastKnownFileType = sourcecode.swift; path = EventsButton.swift; sourceTree = "<group>"; };
		2243C3552833F83E00ABB19C /* CompleteProfileView.swift */ = {isa = PBXFileReference; lastKnownFileType = sourcecode.swift; path = CompleteProfileView.swift; sourceTree = "<group>"; };
		2243C3572833F8FB00ABB19C /* GetVerifiedView.swift */ = {isa = PBXFileReference; lastKnownFileType = sourcecode.swift; path = GetVerifiedView.swift; sourceTree = "<group>"; };
		22925141282E5354000284DB /* KKGroupDemo.app */ = {isa = PBXFileReference; explicitFileType = wrapper.application; includeInIndex = 0; path = KKGroupDemo.app; sourceTree = BUILT_PRODUCTS_DIR; };
		22925144282E5354000284DB /* KKGroupDemoApp.swift */ = {isa = PBXFileReference; lastKnownFileType = sourcecode.swift; path = KKGroupDemoApp.swift; sourceTree = "<group>"; };
		22925146282E5354000284DB /* WelcomeView.swift */ = {isa = PBXFileReference; lastKnownFileType = sourcecode.swift; path = WelcomeView.swift; sourceTree = "<group>"; };
		22925148282E5356000284DB /* Assets.xcassets */ = {isa = PBXFileReference; lastKnownFileType = folder.assetcatalog; path = Assets.xcassets; sourceTree = "<group>"; };
		2292514B282E5356000284DB /* Preview Assets.xcassets */ = {isa = PBXFileReference; lastKnownFileType = folder.assetcatalog; path = "Preview Assets.xcassets"; sourceTree = "<group>"; };
		22925151282E5356000284DB /* KKGroupDemoTests.xctest */ = {isa = PBXFileReference; explicitFileType = wrapper.cfbundle; includeInIndex = 0; path = KKGroupDemoTests.xctest; sourceTree = BUILT_PRODUCTS_DIR; };
		2292522D2831BE98000284DB /* Colors.xcassets */ = {isa = PBXFileReference; lastKnownFileType = folder.assetcatalog; path = Colors.xcassets; sourceTree = "<group>"; };
		3D50207A86555AAF17708B74 /* Pods-KKGroupDemoTests.release.xcconfig */ = {isa = PBXFileReference; includeInIndex = 1; lastKnownFileType = text.xcconfig; name = "Pods-KKGroupDemoTests.release.xcconfig"; path = "Target Support Files/Pods-KKGroupDemoTests/Pods-KKGroupDemoTests.release.xcconfig"; sourceTree = "<group>"; };
		57A22CD38F57CE0C85A9A3E5 /* Pods_KKGroupDemo.framework */ = {isa = PBXFileReference; explicitFileType = wrapper.framework; includeInIndex = 0; path = Pods_KKGroupDemo.framework; sourceTree = BUILT_PRODUCTS_DIR; };
		7203E5A6E24A0A146B728F9C /* Pods-KKGroupDemoTests.debug.xcconfig */ = {isa = PBXFileReference; includeInIndex = 1; lastKnownFileType = text.xcconfig; name = "Pods-KKGroupDemoTests.debug.xcconfig"; path = "Target Support Files/Pods-KKGroupDemoTests/Pods-KKGroupDemoTests.debug.xcconfig"; sourceTree = "<group>"; };
		82CA7DA87F56B442FE9BD31A /* Pods-KKGroupDemo.debug.xcconfig */ = {isa = PBXFileReference; includeInIndex = 1; lastKnownFileType = text.xcconfig; name = "Pods-KKGroupDemo.debug.xcconfig"; path = "Target Support Files/Pods-KKGroupDemo/Pods-KKGroupDemo.debug.xcconfig"; sourceTree = "<group>"; };
		87A999143613BF35D253E27A /* Pods_KKGroupDemo_KKGroupDemoUITests.framework */ = {isa = PBXFileReference; explicitFileType = wrapper.framework; includeInIndex = 0; path = Pods_KKGroupDemo_KKGroupDemoUITests.framework; sourceTree = BUILT_PRODUCTS_DIR; };
		CC30EB1905C60C00FAD79F92 /* Pods_KKGroupDemoTests.framework */ = {isa = PBXFileReference; explicitFileType = wrapper.framework; includeInIndex = 0; path = Pods_KKGroupDemoTests.framework; sourceTree = BUILT_PRODUCTS_DIR; };
		CFE913052BFFCC9B02159F5F /* Pods-KKGroupDemo-KKGroupDemoUITests.debug.xcconfig */ = {isa = PBXFileReference; includeInIndex = 1; lastKnownFileType = text.xcconfig; name = "Pods-KKGroupDemo-KKGroupDemoUITests.debug.xcconfig"; path = "Target Support Files/Pods-KKGroupDemo-KKGroupDemoUITests/Pods-KKGroupDemo-KKGroupDemoUITests.debug.xcconfig"; sourceTree = "<group>"; };
		F37C3D338B6834CF8504F092 /* Pods-KKGroupDemo.release.xcconfig */ = {isa = PBXFileReference; includeInIndex = 1; lastKnownFileType = text.xcconfig; name = "Pods-KKGroupDemo.release.xcconfig"; path = "Target Support Files/Pods-KKGroupDemo/Pods-KKGroupDemo.release.xcconfig"; sourceTree = "<group>"; };
/* End PBXFileReference section */

/* Begin PBXFrameworksBuildPhase section */
		2292513E282E5354000284DB /* Frameworks */ = {
			isa = PBXFrameworksBuildPhase;
			buildActionMask = 2147483647;
			files = (
				484FD214285869CB5A174D0D /* Pods_KKGroupDemo.framework in Frameworks */,
			);
			runOnlyForDeploymentPostprocessing = 0;
		};
		2292514E282E5356000284DB /* Frameworks */ = {
			isa = PBXFrameworksBuildPhase;
			buildActionMask = 2147483647;
			files = (
				F31CF856B7E38C3A14392898 /* Pods_KKGroupDemoTests.framework in Frameworks */,
			);
			runOnlyForDeploymentPostprocessing = 0;
		};
/* End PBXFrameworksBuildPhase section */

/* Begin PBXGroup section */
		2243C3262832C85300ABB19C /* Fonts */ = {
			isa = PBXGroup;
			children = (
				2243C32F2832D5E000ABB19C /* BebasNeue-Regular.ttf */,
				2243C3342832D5E000ABB19C /* Lato-Black.ttf */,
				2243C32E2832D5E000ABB19C /* Lato-BlackItalic.ttf */,
				2243C3332832D5E000ABB19C /* Lato-Bold.ttf */,
				2243C3372832D5E000ABB19C /* Lato-BoldItalic.ttf */,
				2243C3322832D5E000ABB19C /* Lato-Italic.ttf */,
				2243C3362832D5E000ABB19C /* Lato-Light.ttf */,
				2243C3312832D5E000ABB19C /* Lato-LightItalic.ttf */,
				2243C3352832D5E000ABB19C /* Lato-Regular.ttf */,
				2243C32D2832D5E000ABB19C /* Lato-Thin.ttf */,
				2243C3302832D5E000ABB19C /* Lato-ThinItalic.ttf */,
			);
			path = Fonts;
			sourceTree = "<group>";
		};
		2243C3432832ED1B00ABB19C /* Resources */ = {
			isa = PBXGroup;
			children = (
				2243C3262832C85300ABB19C /* Fonts */,
				22925148282E5356000284DB /* Assets.xcassets */,
				2292522D2831BE98000284DB /* Colors.xcassets */,
			);
			path = Resources;
			sourceTree = "<group>";
		};
		2243C3442832ED3100ABB19C /* Modules */ = {
			isa = PBXGroup;
			children = (
				2243C3462832ED4400ABB19C /* Welcome */,
				2243C3452832ED3A00ABB19C /* Menu */,
			);
			path = Modules;
			sourceTree = "<group>";
		};
		2243C3452832ED3A00ABB19C /* Menu */ = {
			isa = PBXGroup;
			children = (
				2243C3522833F6DC00ABB19C /* Views */,
				2243C34B2832F02D00ABB19C /* Profile */,
				2243C3242832585300ABB19C /* MenuView.swift */,
			);
			path = Menu;
			sourceTree = "<group>";
		};
		2243C3462832ED4400ABB19C /* Welcome */ = {
			isa = PBXGroup;
			children = (
				22925146282E5354000284DB /* WelcomeView.swift */,
			);
			path = Welcome;
			sourceTree = "<group>";
		};
		2243C34B2832F02D00ABB19C /* Profile */ = {
			isa = PBXGroup;
			children = (
				2243C34E2832F36900ABB19C /* CompleteProfileModel.swift */,
				2243C3492832EFEE00ABB19C /* ProfileViewModel.swift */,
				2243C34C2832F2C300ABB19C /* ProfileModels.swift */,
			);
			path = Profile;
			sourceTree = "<group>";
		};
		2243C3522833F6DC00ABB19C /* Views */ = {
			isa = PBXGroup;
			children = (
				2243C3472832EE4E00ABB19C /* OptionsItem.swift */,
				2243C3532833F72A00ABB19C /* EventsButton.swift */,
				2243C3552833F83E00ABB19C /* CompleteProfileView.swift */,
				2243C3572833F8FB00ABB19C /* GetVerifiedView.swift */,
			);
			path = Views;
			sourceTree = "<group>";
		};
		22925138282E5354000284DB = {
			isa = PBXGroup;
			children = (
				22925143282E5354000284DB /* KKGroupDemo */,
				22925154282E5356000284DB /* KKGroupDemoTests */,
				22925142282E5354000284DB /* Products */,
				C71AB144FFEA3B7FAC2A3E24 /* Pods */,
				A4779F9539502A8D48AAE7B1 /* Frameworks */,
			);
			sourceTree = "<group>";
		};
		22925142282E5354000284DB /* Products */ = {
			isa = PBXGroup;
			children = (
				22925141282E5354000284DB /* KKGroupDemo.app */,
				22925151282E5356000284DB /* KKGroupDemoTests.xctest */,
			);
			name = Products;
			sourceTree = "<group>";
		};
		22925143282E5354000284DB /* KKGroupDemo */ = {
			isa = PBXGroup;
			children = (
				2243C3442832ED3100ABB19C /* Modules */,
				2243C3432832ED1B00ABB19C /* Resources */,
				22925144282E5354000284DB /* KKGroupDemoApp.swift */,
				2243C32B2832C96E00ABB19C /* Info.plist */,
				2292514A282E5356000284DB /* Preview Content */,
			);
			path = KKGroupDemo;
			sourceTree = "<group>";
		};
		2292514A282E5356000284DB /* Preview Content */ = {
			isa = PBXGroup;
			children = (
				2292514B282E5356000284DB /* Preview Assets.xcassets */,
			);
			path = "Preview Content";
			sourceTree = "<group>";
		};
		22925154282E5356000284DB /* KKGroupDemoTests */ = {
			isa = PBXGroup;
			children = (
				2243C350283391BD00ABB19C /* ProfileViewModelTests.swift */,
			);
			path = KKGroupDemoTests;
			sourceTree = "<group>";
		};
		A4779F9539502A8D48AAE7B1 /* Frameworks */ = {
			isa = PBXGroup;
			children = (
				57A22CD38F57CE0C85A9A3E5 /* Pods_KKGroupDemo.framework */,
				87A999143613BF35D253E27A /* Pods_KKGroupDemo_KKGroupDemoUITests.framework */,
				CC30EB1905C60C00FAD79F92 /* Pods_KKGroupDemoTests.framework */,
			);
			name = Frameworks;
			sourceTree = "<group>";
		};
		C71AB144FFEA3B7FAC2A3E24 /* Pods */ = {
			isa = PBXGroup;
			children = (
				82CA7DA87F56B442FE9BD31A /* Pods-KKGroupDemo.debug.xcconfig */,
				F37C3D338B6834CF8504F092 /* Pods-KKGroupDemo.release.xcconfig */,
				CFE913052BFFCC9B02159F5F /* Pods-KKGroupDemo-KKGroupDemoUITests.debug.xcconfig */,
				2193B4D54C3E49DE704F0F97 /* Pods-KKGroupDemo-KKGroupDemoUITests.release.xcconfig */,
				7203E5A6E24A0A146B728F9C /* Pods-KKGroupDemoTests.debug.xcconfig */,
				3D50207A86555AAF17708B74 /* Pods-KKGroupDemoTests.release.xcconfig */,
			);
			path = Pods;
			sourceTree = "<group>";
		};
/* End PBXGroup section */

/* Begin PBXNativeTarget section */
		22925140282E5354000284DB /* KKGroupDemo */ = {
			isa = PBXNativeTarget;
			buildConfigurationList = 22925165282E5356000284DB /* Build configuration list for PBXNativeTarget "KKGroupDemo" */;
			buildPhases = (
				262E7F8753F8E1B819D81D43 /* [CP] Check Pods Manifest.lock */,
				22925170282E55CB000284DB /* SwiftLint */,
				2292513D282E5354000284DB /* Sources */,
				2292513E282E5354000284DB /* Frameworks */,
				2292513F282E5354000284DB /* Resources */,
			);
			buildRules = (
			);
			dependencies = (
			);
			name = KKGroupDemo;
			productName = KKGroupDemo;
			productReference = 22925141282E5354000284DB /* KKGroupDemo.app */;
			productType = "com.apple.product-type.application";
		};
		22925150282E5356000284DB /* KKGroupDemoTests */ = {
			isa = PBXNativeTarget;
			buildConfigurationList = 22925168282E5356000284DB /* Build configuration list for PBXNativeTarget "KKGroupDemoTests" */;
			buildPhases = (
				EE01BA67954B83B49ACA2ADC /* [CP] Check Pods Manifest.lock */,
				2292514D282E5356000284DB /* Sources */,
				2292514E282E5356000284DB /* Frameworks */,
				2292514F282E5356000284DB /* Resources */,
			);
			buildRules = (
			);
			dependencies = (
				22925153282E5356000284DB /* PBXTargetDependency */,
			);
			name = KKGroupDemoTests;
			productName = KKGroupDemoTests;
			productReference = 22925151282E5356000284DB /* KKGroupDemoTests.xctest */;
			productType = "com.apple.product-type.bundle.unit-test";
		};
/* End PBXNativeTarget section */

/* Begin PBXProject section */
		22925139282E5354000284DB /* Project object */ = {
			isa = PBXProject;
			attributes = {
				BuildIndependentTargetsInParallel = 1;
				LastSwiftUpdateCheck = 1330;
				LastUpgradeCheck = 1330;
				TargetAttributes = {
					22925140282E5354000284DB = {
						CreatedOnToolsVersion = 13.3.1;
					};
					22925150282E5356000284DB = {
						CreatedOnToolsVersion = 13.3.1;
						TestTargetID = 22925140282E5354000284DB;
					};
				};
			};
			buildConfigurationList = 2292513C282E5354000284DB /* Build configuration list for PBXProject "KKGroupDemo" */;
			compatibilityVersion = "Xcode 13.0";
			developmentRegion = en;
			hasScannedForEncodings = 0;
			knownRegions = (
				en,
				Base,
			);
			mainGroup = 22925138282E5354000284DB;
			productRefGroup = 22925142282E5354000284DB /* Products */;
			projectDirPath = "";
			projectRoot = "";
			targets = (
				22925140282E5354000284DB /* KKGroupDemo */,
				22925150282E5356000284DB /* KKGroupDemoTests */,
			);
		};
/* End PBXProject section */

/* Begin PBXResourcesBuildPhase section */
		2292513F282E5354000284DB /* Resources */ = {
			isa = PBXResourcesBuildPhase;
			buildActionMask = 2147483647;
			files = (
				2292522E2831BE98000284DB /* Colors.xcassets in Resources */,
				2243C3412832D5E100ABB19C /* Lato-Light.ttf in Resources */,
				2243C33E2832D5E100ABB19C /* Lato-Bold.ttf in Resources */,
				2243C33B2832D5E000ABB19C /* Lato-ThinItalic.ttf in Resources */,
				2243C3382832D5E000ABB19C /* Lato-Thin.ttf in Resources */,
				2243C3422832D5E100ABB19C /* Lato-BoldItalic.ttf in Resources */,
				2243C33C2832D5E100ABB19C /* Lato-LightItalic.ttf in Resources */,
				2243C33A2832D5E000ABB19C /* BebasNeue-Regular.ttf in Resources */,
				2243C33F2832D5E100ABB19C /* Lato-Black.ttf in Resources */,
				2243C3402832D5E100ABB19C /* Lato-Regular.ttf in Resources */,
				2243C3392832D5E000ABB19C /* Lato-BlackItalic.ttf in Resources */,
				2292514C282E5356000284DB /* Preview Assets.xcassets in Resources */,
				2243C33D2832D5E100ABB19C /* Lato-Italic.ttf in Resources */,
				22925149282E5356000284DB /* Assets.xcassets in Resources */,
			);
			runOnlyForDeploymentPostprocessing = 0;
		};
		2292514F282E5356000284DB /* Resources */ = {
			isa = PBXResourcesBuildPhase;
			buildActionMask = 2147483647;
			files = (
			);
			runOnlyForDeploymentPostprocessing = 0;
		};
/* End PBXResourcesBuildPhase section */

/* Begin PBXShellScriptBuildPhase section */
		22925170282E55CB000284DB /* SwiftLint */ = {
			isa = PBXShellScriptBuildPhase;
			buildActionMask = 2147483647;
			files = (
			);
			inputFileListPaths = (
			);
			inputPaths = (
			);
			name = SwiftLint;
			outputFileListPaths = (
			);
			outputPaths = (
			);
			runOnlyForDeploymentPostprocessing = 0;
			shellPath = /bin/sh;
			shellScript = "\"${PODS_ROOT}/SwiftLint/swiftlint\" --config .swiftlint.yml\n";
		};
		262E7F8753F8E1B819D81D43 /* [CP] Check Pods Manifest.lock */ = {
			isa = PBXShellScriptBuildPhase;
			buildActionMask = 2147483647;
			files = (
			);
			inputFileListPaths = (
			);
			inputPaths = (
				"${PODS_PODFILE_DIR_PATH}/Podfile.lock",
				"${PODS_ROOT}/Manifest.lock",
			);
			name = "[CP] Check Pods Manifest.lock";
			outputFileListPaths = (
			);
			outputPaths = (
				"$(DERIVED_FILE_DIR)/Pods-KKGroupDemo-checkManifestLockResult.txt",
			);
			runOnlyForDeploymentPostprocessing = 0;
			shellPath = /bin/sh;
			shellScript = "diff \"${PODS_PODFILE_DIR_PATH}/Podfile.lock\" \"${PODS_ROOT}/Manifest.lock\" > /dev/null\nif [ $? != 0 ] ; then\n    # print error to STDERR\n    echo \"error: The sandbox is not in sync with the Podfile.lock. Run 'pod install' or update your CocoaPods installation.\" >&2\n    exit 1\nfi\n# This output is used by Xcode 'outputs' to avoid re-running this script phase.\necho \"SUCCESS\" > \"${SCRIPT_OUTPUT_FILE_0}\"\n";
			showEnvVarsInLog = 0;
		};
		EE01BA67954B83B49ACA2ADC /* [CP] Check Pods Manifest.lock */ = {
			isa = PBXShellScriptBuildPhase;
			buildActionMask = 2147483647;
			files = (
			);
			inputFileListPaths = (
			);
			inputPaths = (
				"${PODS_PODFILE_DIR_PATH}/Podfile.lock",
				"${PODS_ROOT}/Manifest.lock",
			);
			name = "[CP] Check Pods Manifest.lock";
			outputFileListPaths = (
			);
			outputPaths = (
				"$(DERIVED_FILE_DIR)/Pods-KKGroupDemoTests-checkManifestLockResult.txt",
			);
			runOnlyForDeploymentPostprocessing = 0;
			shellPath = /bin/sh;
			shellScript = "diff \"${PODS_PODFILE_DIR_PATH}/Podfile.lock\" \"${PODS_ROOT}/Manifest.lock\" > /dev/null\nif [ $? != 0 ] ; then\n    # print error to STDERR\n    echo \"error: The sandbox is not in sync with the Podfile.lock. Run 'pod install' or update your CocoaPods installation.\" >&2\n    exit 1\nfi\n# This output is used by Xcode 'outputs' to avoid re-running this script phase.\necho \"SUCCESS\" > \"${SCRIPT_OUTPUT_FILE_0}\"\n";
			showEnvVarsInLog = 0;
		};
/* End PBXShellScriptBuildPhase section */

/* Begin PBXSourcesBuildPhase section */
		2292513D282E5354000284DB /* Sources */ = {
			isa = PBXSourcesBuildPhase;
			buildActionMask = 2147483647;
			files = (
				22925147282E5354000284DB /* WelcomeView.swift in Sources */,
				2243C3252832585300ABB19C /* MenuView.swift in Sources */,
				22925145282E5354000284DB /* KKGroupDemoApp.swift in Sources */,
				2243C34D2832F2C300ABB19C /* ProfileModels.swift in Sources */,
				2243C34F2832F36900ABB19C /* CompleteProfileModel.swift in Sources */,
				2243C34A2832EFEE00ABB19C /* ProfileViewModel.swift in Sources */,
				2243C3542833F72A00ABB19C /* EventsButton.swift in Sources */,
				2243C3562833F83E00ABB19C /* CompleteProfileView.swift in Sources */,
				2243C3482832EE4E00ABB19C /* OptionsItem.swift in Sources */,
				2243C3582833F8FB00ABB19C /* GetVerifiedView.swift in Sources */,
			);
			runOnlyForDeploymentPostprocessing = 0;
		};
		2292514D282E5356000284DB /* Sources */ = {
			isa = PBXSourcesBuildPhase;
			buildActionMask = 2147483647;
			files = (
				2243C351283391BD00ABB19C /* ProfileViewModelTests.swift in Sources */,
			);
			runOnlyForDeploymentPostprocessing = 0;
		};
/* End PBXSourcesBuildPhase section */

/* Begin PBXTargetDependency section */
		22925153282E5356000284DB /* PBXTargetDependency */ = {
			isa = PBXTargetDependency;
			target = 22925140282E5354000284DB /* KKGroupDemo */;
			targetProxy = 22925152282E5356000284DB /* PBXContainerItemProxy */;
		};
/* End PBXTargetDependency section */

/* Begin XCBuildConfiguration section */
		22925163282E5356000284DB /* Debug */ = {
			isa = XCBuildConfiguration;
			buildSettings = {
				ALWAYS_SEARCH_USER_PATHS = NO;
				CLANG_ANALYZER_NONNULL = YES;
				CLANG_ANALYZER_NUMBER_OBJECT_CONVERSION = YES_AGGRESSIVE;
				CLANG_CXX_LANGUAGE_STANDARD = "gnu++17";
				CLANG_ENABLE_MODULES = YES;
				CLANG_ENABLE_OBJC_ARC = YES;
				CLANG_ENABLE_OBJC_WEAK = YES;
				CLANG_WARN_BLOCK_CAPTURE_AUTORELEASING = YES;
				CLANG_WARN_BOOL_CONVERSION = YES;
				CLANG_WARN_COMMA = YES;
				CLANG_WARN_CONSTANT_CONVERSION = YES;
				CLANG_WARN_DEPRECATED_OBJC_IMPLEMENTATIONS = YES;
				CLANG_WARN_DIRECT_OBJC_ISA_USAGE = YES_ERROR;
				CLANG_WARN_DOCUMENTATION_COMMENTS = YES;
				CLANG_WARN_EMPTY_BODY = YES;
				CLANG_WARN_ENUM_CONVERSION = YES;
				CLANG_WARN_INFINITE_RECURSION = YES;
				CLANG_WARN_INT_CONVERSION = YES;
				CLANG_WARN_NON_LITERAL_NULL_CONVERSION = YES;
				CLANG_WARN_OBJC_IMPLICIT_RETAIN_SELF = YES;
				CLANG_WARN_OBJC_LITERAL_CONVERSION = YES;
				CLANG_WARN_OBJC_ROOT_CLASS = YES_ERROR;
				CLANG_WARN_QUOTED_INCLUDE_IN_FRAMEWORK_HEADER = YES;
				CLANG_WARN_RANGE_LOOP_ANALYSIS = YES;
				CLANG_WARN_STRICT_PROTOTYPES = YES;
				CLANG_WARN_SUSPICIOUS_MOVE = YES;
				CLANG_WARN_UNGUARDED_AVAILABILITY = YES_AGGRESSIVE;
				CLANG_WARN_UNREACHABLE_CODE = YES;
				CLANG_WARN__DUPLICATE_METHOD_MATCH = YES;
				COPY_PHASE_STRIP = NO;
				DEBUG_INFORMATION_FORMAT = dwarf;
				ENABLE_STRICT_OBJC_MSGSEND = YES;
				ENABLE_TESTABILITY = YES;
				GCC_C_LANGUAGE_STANDARD = gnu11;
				GCC_DYNAMIC_NO_PIC = NO;
				GCC_NO_COMMON_BLOCKS = YES;
				GCC_OPTIMIZATION_LEVEL = 0;
				GCC_PREPROCESSOR_DEFINITIONS = (
					"DEBUG=1",
					"$(inherited)",
				);
				GCC_WARN_64_TO_32_BIT_CONVERSION = YES;
				GCC_WARN_ABOUT_RETURN_TYPE = YES_ERROR;
				GCC_WARN_UNDECLARED_SELECTOR = YES;
				GCC_WARN_UNINITIALIZED_AUTOS = YES_AGGRESSIVE;
				GCC_WARN_UNUSED_FUNCTION = YES;
				GCC_WARN_UNUSED_VARIABLE = YES;
				IPHONEOS_DEPLOYMENT_TARGET = 15.4;
				MTL_ENABLE_DEBUG_INFO = INCLUDE_SOURCE;
				MTL_FAST_MATH = YES;
				ONLY_ACTIVE_ARCH = YES;
				SDKROOT = iphoneos;
				SWIFT_ACTIVE_COMPILATION_CONDITIONS = DEBUG;
				SWIFT_OPTIMIZATION_LEVEL = "-Onone";
			};
			name = Debug;
		};
		22925164282E5356000284DB /* Release */ = {
			isa = XCBuildConfiguration;
			buildSettings = {
				ALWAYS_SEARCH_USER_PATHS = NO;
				CLANG_ANALYZER_NONNULL = YES;
				CLANG_ANALYZER_NUMBER_OBJECT_CONVERSION = YES_AGGRESSIVE;
				CLANG_CXX_LANGUAGE_STANDARD = "gnu++17";
				CLANG_ENABLE_MODULES = YES;
				CLANG_ENABLE_OBJC_ARC = YES;
				CLANG_ENABLE_OBJC_WEAK = YES;
				CLANG_WARN_BLOCK_CAPTURE_AUTORELEASING = YES;
				CLANG_WARN_BOOL_CONVERSION = YES;
				CLANG_WARN_COMMA = YES;
				CLANG_WARN_CONSTANT_CONVERSION = YES;
				CLANG_WARN_DEPRECATED_OBJC_IMPLEMENTATIONS = YES;
				CLANG_WARN_DIRECT_OBJC_ISA_USAGE = YES_ERROR;
				CLANG_WARN_DOCUMENTATION_COMMENTS = YES;
				CLANG_WARN_EMPTY_BODY = YES;
				CLANG_WARN_ENUM_CONVERSION = YES;
				CLANG_WARN_INFINITE_RECURSION = YES;
				CLANG_WARN_INT_CONVERSION = YES;
				CLANG_WARN_NON_LITERAL_NULL_CONVERSION = YES;
				CLANG_WARN_OBJC_IMPLICIT_RETAIN_SELF = YES;
				CLANG_WARN_OBJC_LITERAL_CONVERSION = YES;
				CLANG_WARN_OBJC_ROOT_CLASS = YES_ERROR;
				CLANG_WARN_QUOTED_INCLUDE_IN_FRAMEWORK_HEADER = YES;
				CLANG_WARN_RANGE_LOOP_ANALYSIS = YES;
				CLANG_WARN_STRICT_PROTOTYPES = YES;
				CLANG_WARN_SUSPICIOUS_MOVE = YES;
				CLANG_WARN_UNGUARDED_AVAILABILITY = YES_AGGRESSIVE;
				CLANG_WARN_UNREACHABLE_CODE = YES;
				CLANG_WARN__DUPLICATE_METHOD_MATCH = YES;
				COPY_PHASE_STRIP = NO;
				DEBUG_INFORMATION_FORMAT = "dwarf-with-dsym";
				ENABLE_NS_ASSERTIONS = NO;
				ENABLE_STRICT_OBJC_MSGSEND = YES;
				GCC_C_LANGUAGE_STANDARD = gnu11;
				GCC_NO_COMMON_BLOCKS = YES;
				GCC_WARN_64_TO_32_BIT_CONVERSION = YES;
				GCC_WARN_ABOUT_RETURN_TYPE = YES_ERROR;
				GCC_WARN_UNDECLARED_SELECTOR = YES;
				GCC_WARN_UNINITIALIZED_AUTOS = YES_AGGRESSIVE;
				GCC_WARN_UNUSED_FUNCTION = YES;
				GCC_WARN_UNUSED_VARIABLE = YES;
				IPHONEOS_DEPLOYMENT_TARGET = 15.4;
				MTL_ENABLE_DEBUG_INFO = NO;
				MTL_FAST_MATH = YES;
				SDKROOT = iphoneos;
				SWIFT_COMPILATION_MODE = wholemodule;
				SWIFT_OPTIMIZATION_LEVEL = "-O";
				VALIDATE_PRODUCT = YES;
			};
			name = Release;
		};
		22925166282E5356000284DB /* Debug */ = {
			isa = XCBuildConfiguration;
			baseConfigurationReference = 82CA7DA87F56B442FE9BD31A /* Pods-KKGroupDemo.debug.xcconfig */;
			buildSettings = {
				ASSETCATALOG_COMPILER_APPICON_NAME = AppIcon;
				ASSETCATALOG_COMPILER_GLOBAL_ACCENT_COLOR_NAME = AccentColor;
				CODE_SIGN_STYLE = Automatic;
				CURRENT_PROJECT_VERSION = 1;
				DEVELOPMENT_ASSET_PATHS = "\"KKGroupDemo/Preview Content\"";
				DEVELOPMENT_TEAM = TS456HP59H;
				ENABLE_PREVIEWS = YES;
				GENERATE_INFOPLIST_FILE = YES;
				INFOPLIST_FILE = KKGroupDemo/Info.plist;
				INFOPLIST_KEY_UIApplicationSceneManifest_Generation = YES;
				INFOPLIST_KEY_UIApplicationSupportsIndirectInputEvents = YES;
				INFOPLIST_KEY_UILaunchScreen_Generation = YES;
				INFOPLIST_KEY_UISupportedInterfaceOrientations_iPad = "UIInterfaceOrientationPortrait UIInterfaceOrientationPortraitUpsideDown UIInterfaceOrientationLandscapeLeft UIInterfaceOrientationLandscapeRight";
				INFOPLIST_KEY_UISupportedInterfaceOrientations_iPhone = "UIInterfaceOrientationPortrait UIInterfaceOrientationLandscapeLeft UIInterfaceOrientationLandscapeRight";
				LD_RUNPATH_SEARCH_PATHS = (
					"$(inherited)",
					"@executable_path/Frameworks",
				);
				MARKETING_VERSION = 1.0;
				PRODUCT_BUNDLE_IDENTIFIER = com.jamessinclair.test.KKGroupDemo;
				PRODUCT_NAME = "$(TARGET_NAME)";
				SWIFT_EMIT_LOC_STRINGS = YES;
				SWIFT_VERSION = 5.0;
				TARGETED_DEVICE_FAMILY = "1,2";
			};
			name = Debug;
		};
		22925167282E5356000284DB /* Release */ = {
			isa = XCBuildConfiguration;
			baseConfigurationReference = F37C3D338B6834CF8504F092 /* Pods-KKGroupDemo.release.xcconfig */;
			buildSettings = {
				ASSETCATALOG_COMPILER_APPICON_NAME = AppIcon;
				ASSETCATALOG_COMPILER_GLOBAL_ACCENT_COLOR_NAME = AccentColor;
				CODE_SIGN_STYLE = Automatic;
				CURRENT_PROJECT_VERSION = 1;
				DEVELOPMENT_ASSET_PATHS = "\"KKGroupDemo/Preview Content\"";
				DEVELOPMENT_TEAM = TS456HP59H;
				ENABLE_PREVIEWS = YES;
				GENERATE_INFOPLIST_FILE = YES;
				INFOPLIST_FILE = KKGroupDemo/Info.plist;
				INFOPLIST_KEY_UIApplicationSceneManifest_Generation = YES;
				INFOPLIST_KEY_UIApplicationSupportsIndirectInputEvents = YES;
				INFOPLIST_KEY_UILaunchScreen_Generation = YES;
				INFOPLIST_KEY_UISupportedInterfaceOrientations_iPad = "UIInterfaceOrientationPortrait UIInterfaceOrientationPortraitUpsideDown UIInterfaceOrientationLandscapeLeft UIInterfaceOrientationLandscapeRight";
				INFOPLIST_KEY_UISupportedInterfaceOrientations_iPhone = "UIInterfaceOrientationPortrait UIInterfaceOrientationLandscapeLeft UIInterfaceOrientationLandscapeRight";
				LD_RUNPATH_SEARCH_PATHS = (
					"$(inherited)",
					"@executable_path/Frameworks",
				);
				MARKETING_VERSION = 1.0;
				PRODUCT_BUNDLE_IDENTIFIER = com.jamessinclair.test.KKGroupDemo;
				PRODUCT_NAME = "$(TARGET_NAME)";
				SWIFT_EMIT_LOC_STRINGS = YES;
				SWIFT_VERSION = 5.0;
				TARGETED_DEVICE_FAMILY = "1,2";
			};
			name = Release;
		};
		22925169282E5356000284DB /* Debug */ = {
			isa = XCBuildConfiguration;
			baseConfigurationReference = 7203E5A6E24A0A146B728F9C /* Pods-KKGroupDemoTests.debug.xcconfig */;
			buildSettings = {
				ALWAYS_EMBED_SWIFT_STANDARD_LIBRARIES = YES;
				BUNDLE_LOADER = "$(TEST_HOST)";
				CODE_SIGN_STYLE = Automatic;
				CURRENT_PROJECT_VERSION = 1;
				DEVELOPMENT_TEAM = TS456HP59H;
				GENERATE_INFOPLIST_FILE = YES;
				IPHONEOS_DEPLOYMENT_TARGET = 15.4;
				MARKETING_VERSION = 1.0;
				PRODUCT_BUNDLE_IDENTIFIER = com.jamessinclair.test.KKGroupDemoTests;
				PRODUCT_NAME = "$(TARGET_NAME)";
				SWIFT_EMIT_LOC_STRINGS = NO;
				SWIFT_VERSION = 5.0;
				TARGETED_DEVICE_FAMILY = "1,2";
				TEST_HOST = "$(BUILT_PRODUCTS_DIR)/KKGroupDemo.app/KKGroupDemo";
			};
			name = Debug;
		};
		2292516A282E5356000284DB /* Release */ = {
			isa = XCBuildConfiguration;
			baseConfigurationReference = 3D50207A86555AAF17708B74 /* Pods-KKGroupDemoTests.release.xcconfig */;
			buildSettings = {
				ALWAYS_EMBED_SWIFT_STANDARD_LIBRARIES = YES;
				BUNDLE_LOADER = "$(TEST_HOST)";
				CODE_SIGN_STYLE = Automatic;
				CURRENT_PROJECT_VERSION = 1;
				DEVELOPMENT_TEAM = TS456HP59H;
				GENERATE_INFOPLIST_FILE = YES;
				IPHONEOS_DEPLOYMENT_TARGET = 15.4;
				MARKETING_VERSION = 1.0;
				PRODUCT_BUNDLE_IDENTIFIER = com.jamessinclair.test.KKGroupDemoTests;
				PRODUCT_NAME = "$(TARGET_NAME)";
				SWIFT_EMIT_LOC_STRINGS = NO;
				SWIFT_VERSION = 5.0;
				TARGETED_DEVICE_FAMILY = "1,2";
				TEST_HOST = "$(BUILT_PRODUCTS_DIR)/KKGroupDemo.app/KKGroupDemo";
			};
			name = Release;
		};
/* End XCBuildConfiguration section */

/* Begin XCConfigurationList section */
		2292513C282E5354000284DB /* Build configuration list for PBXProject "KKGroupDemo" */ = {
			isa = XCConfigurationList;
			buildConfigurations = (
				22925163282E5356000284DB /* Debug */,
				22925164282E5356000284DB /* Release */,
			);
			defaultConfigurationIsVisible = 0;
			defaultConfigurationName = Release;
		};
		22925165282E5356000284DB /* Build configuration list for PBXNativeTarget "KKGroupDemo" */ = {
			isa = XCConfigurationList;
			buildConfigurations = (
				22925166282E5356000284DB /* Debug */,
				22925167282E5356000284DB /* Release */,
			);
			defaultConfigurationIsVisible = 0;
			defaultConfigurationName = Release;
		};
		22925168282E5356000284DB /* Build configuration list for PBXNativeTarget "KKGroupDemoTests" */ = {
			isa = XCConfigurationList;
			buildConfigurations = (
				22925169282E5356000284DB /* Debug */,
				2292516A282E5356000284DB /* Release */,
			);
			defaultConfigurationIsVisible = 0;
			defaultConfigurationName = Release;
		};
/* End XCConfigurationList section */
	};
	rootObject = 22925139282E5354000284DB /* Project object */;
}
